// !$*UTF8*$!
{
	archiveVersion = 1;
	classes = {
	};
	objectVersion = 50;
	objects = {

/* Begin PBXBuildFile section */
		AF53139D222A70A700EFA7F2 /* TheTheme.framework in Frameworks */ = {isa = PBXBuildFile; fileRef = AF531393222A70A700EFA7F2 /* TheTheme.framework */; };
		AF5313A2222A70A700EFA7F2 /* TheThemeTests.swift in Sources */ = {isa = PBXBuildFile; fileRef = AF5313A1222A70A700EFA7F2 /* TheThemeTests.swift */; };
		AF5313A4222A70A700EFA7F2 /* TheTheme.h in Headers */ = {isa = PBXBuildFile; fileRef = AF531396222A70A700EFA7F2 /* TheTheme.h */; settings = {ATTRIBUTES = (Public, ); }; };
		AF5313EA222A9A2C00EFA7F2 /* Theme.swift in Sources */ = {isa = PBXBuildFile; fileRef = AF5313E9222A9A2C00EFA7F2 /* Theme.swift */; };
		AF5313EF222A9A7B00EFA7F2 /* Theme+Apply.swift in Sources */ = {isa = PBXBuildFile; fileRef = AF5313EB222A9A7B00EFA7F2 /* Theme+Apply.swift */; };
		AF5313F0222A9A7B00EFA7F2 /* DarkTheme.swift in Sources */ = {isa = PBXBuildFile; fileRef = AF5313EC222A9A7B00EFA7F2 /* DarkTheme.swift */; };
		AF5313F1222A9A7B00EFA7F2 /* StandardTheme.swift in Sources */ = {isa = PBXBuildFile; fileRef = AF5313ED222A9A7B00EFA7F2 /* StandardTheme.swift */; };
		AF5313F2222A9A7B00EFA7F2 /* Theme+Load.swift in Sources */ = {isa = PBXBuildFile; fileRef = AF5313EE222A9A7B00EFA7F2 /* Theme+Load.swift */; };
/* End PBXBuildFile section */

/* Begin PBXContainerItemProxy section */
		AF53139E222A70A700EFA7F2 /* PBXContainerItemProxy */ = {
			isa = PBXContainerItemProxy;
			containerPortal = AF53138A222A70A700EFA7F2 /* Project object */;
			proxyType = 1;
			remoteGlobalIDString = AF531392222A70A700EFA7F2;
			remoteInfo = TheTheme;
		};
/* End PBXContainerItemProxy section */

/* Begin PBXFileReference section */
		AF531393222A70A700EFA7F2 /* TheTheme.framework */ = {isa = PBXFileReference; explicitFileType = wrapper.framework; includeInIndex = 0; path = TheTheme.framework; sourceTree = BUILT_PRODUCTS_DIR; };
		AF531396222A70A700EFA7F2 /* TheTheme.h */ = {isa = PBXFileReference; lastKnownFileType = sourcecode.c.h; path = TheTheme.h; sourceTree = "<group>"; };
		AF531397222A70A700EFA7F2 /* Info.plist */ = {isa = PBXFileReference; lastKnownFileType = text.plist.xml; path = Info.plist; sourceTree = "<group>"; };
		AF53139C222A70A700EFA7F2 /* TheThemeTests.xctest */ = {isa = PBXFileReference; explicitFileType = wrapper.cfbundle; includeInIndex = 0; path = TheThemeTests.xctest; sourceTree = BUILT_PRODUCTS_DIR; };
		AF5313A1222A70A700EFA7F2 /* TheThemeTests.swift */ = {isa = PBXFileReference; lastKnownFileType = sourcecode.swift; path = TheThemeTests.swift; sourceTree = "<group>"; };
		AF5313A3222A70A700EFA7F2 /* Info.plist */ = {isa = PBXFileReference; lastKnownFileType = text.plist.xml; path = Info.plist; sourceTree = "<group>"; };
		AF5313E9222A9A2C00EFA7F2 /* Theme.swift */ = {isa = PBXFileReference; lastKnownFileType = sourcecode.swift; path = Theme.swift; sourceTree = "<group>"; };
		AF5313EB222A9A7B00EFA7F2 /* Theme+Apply.swift */ = {isa = PBXFileReference; fileEncoding = 4; lastKnownFileType = sourcecode.swift; path = "Theme+Apply.swift"; sourceTree = "<group>"; };
		AF5313EC222A9A7B00EFA7F2 /* DarkTheme.swift */ = {isa = PBXFileReference; fileEncoding = 4; lastKnownFileType = sourcecode.swift; path = DarkTheme.swift; sourceTree = "<group>"; };
		AF5313ED222A9A7B00EFA7F2 /* StandardTheme.swift */ = {isa = PBXFileReference; fileEncoding = 4; lastKnownFileType = sourcecode.swift; path = StandardTheme.swift; sourceTree = "<group>"; };
		AF5313EE222A9A7B00EFA7F2 /* Theme+Load.swift */ = {isa = PBXFileReference; fileEncoding = 4; lastKnownFileType = sourcecode.swift; path = "Theme+Load.swift"; sourceTree = "<group>"; };
/* End PBXFileReference section */

/* Begin PBXFrameworksBuildPhase section */
		AF531390222A70A700EFA7F2 /* Frameworks */ = {
			isa = PBXFrameworksBuildPhase;
			buildActionMask = 2147483647;
			files = (
			);
			runOnlyForDeploymentPostprocessing = 0;
		};
		AF531399222A70A700EFA7F2 /* Frameworks */ = {
			isa = PBXFrameworksBuildPhase;
			buildActionMask = 2147483647;
			files = (
				AF53139D222A70A700EFA7F2 /* TheTheme.framework in Frameworks */,
			);
			runOnlyForDeploymentPostprocessing = 0;
		};
/* End PBXFrameworksBuildPhase section */

/* Begin PBXGroup section */
		AF531389222A70A700EFA7F2 = {
			isa = PBXGroup;
			children = (
				AF531395222A70A700EFA7F2 /* TheTheme */,
				AF5313A0222A70A700EFA7F2 /* TheThemeTests */,
				AF531394222A70A700EFA7F2 /* Products */,
			);
			sourceTree = "<group>";
		};
		AF531394222A70A700EFA7F2 /* Products */ = {
			isa = PBXGroup;
			children = (
				AF531393222A70A700EFA7F2 /* TheTheme.framework */,
				AF53139C222A70A700EFA7F2 /* TheThemeTests.xctest */,
			);
			name = Products;
			sourceTree = "<group>";
		};
		AF531395222A70A700EFA7F2 /* TheTheme */ = {
			isa = PBXGroup;
			children = (
				AF531396222A70A700EFA7F2 /* TheTheme.h */,
				AF5313E9222A9A2C00EFA7F2 /* Theme.swift */,
				AF5313EB222A9A7B00EFA7F2 /* Theme+Apply.swift */,
				AF5313EE222A9A7B00EFA7F2 /* Theme+Load.swift */,
				AF5313ED222A9A7B00EFA7F2 /* StandardTheme.swift */,
				AF5313EC222A9A7B00EFA7F2 /* DarkTheme.swift */,
				AF531397222A70A700EFA7F2 /* Info.plist */,
			);
			path = TheTheme;
			sourceTree = "<group>";
		};
		AF5313A0222A70A700EFA7F2 /* TheThemeTests */ = {
			isa = PBXGroup;
			children = (
				AF5313A1222A70A700EFA7F2 /* TheThemeTests.swift */,
				AF5313A3222A70A700EFA7F2 /* Info.plist */,
			);
			path = TheThemeTests;
			sourceTree = "<group>";
		};
/* End PBXGroup section */

/* Begin PBXHeadersBuildPhase section */
		AF53138E222A70A700EFA7F2 /* Headers */ = {
			isa = PBXHeadersBuildPhase;
			buildActionMask = 2147483647;
			files = (
				AF5313A4222A70A700EFA7F2 /* TheTheme.h in Headers */,
			);
			runOnlyForDeploymentPostprocessing = 0;
		};
/* End PBXHeadersBuildPhase section */

/* Begin PBXNativeTarget section */
		AF531392222A70A700EFA7F2 /* TheTheme */ = {
			isa = PBXNativeTarget;
			buildConfigurationList = AF5313A7222A70A700EFA7F2 /* Build configuration list for PBXNativeTarget "TheTheme" */;
			buildPhases = (
				AF53138E222A70A700EFA7F2 /* Headers */,
				AF53138F222A70A700EFA7F2 /* Sources */,
				AF531390222A70A700EFA7F2 /* Frameworks */,
				AF531391222A70A700EFA7F2 /* Resources */,
			);
			buildRules = (
			);
			dependencies = (
			);
			name = TheTheme;
			productName = TheTheme;
			productReference = AF531393222A70A700EFA7F2 /* TheTheme.framework */;
			productType = "com.apple.product-type.framework";
		};
		AF53139B222A70A700EFA7F2 /* TheThemeTests */ = {
			isa = PBXNativeTarget;
			buildConfigurationList = AF5313AA222A70A700EFA7F2 /* Build configuration list for PBXNativeTarget "TheThemeTests" */;
			buildPhases = (
				AF531398222A70A700EFA7F2 /* Sources */,
				AF531399222A70A700EFA7F2 /* Frameworks */,
				AF53139A222A70A700EFA7F2 /* Resources */,
			);
			buildRules = (
			);
			dependencies = (
				AF53139F222A70A700EFA7F2 /* PBXTargetDependency */,
			);
			name = TheThemeTests;
			productName = TheThemeTests;
			productReference = AF53139C222A70A700EFA7F2 /* TheThemeTests.xctest */;
			productType = "com.apple.product-type.bundle.unit-test";
		};
/* End PBXNativeTarget section */

/* Begin PBXProject section */
		AF53138A222A70A700EFA7F2 /* Project object */ = {
			isa = PBXProject;
			attributes = {
				LastSwiftUpdateCheck = 1020;
				LastUpgradeCheck = 1020;
				ORGANIZATIONNAME = "Pavel Gnatyuk";
				TargetAttributes = {
					AF531392222A70A700EFA7F2 = {
						CreatedOnToolsVersion = 10.2;
						LastSwiftMigration = 1020;
					};
					AF53139B222A70A700EFA7F2 = {
						CreatedOnToolsVersion = 10.2;
					};
				};
			};
			buildConfigurationList = AF53138D222A70A700EFA7F2 /* Build configuration list for PBXProject "TheTheme" */;
			compatibilityVersion = "Xcode 9.3";
			developmentRegion = en;
			hasScannedForEncodings = 0;
			knownRegions = (
				en,
			);
			mainGroup = AF531389222A70A700EFA7F2;
			productRefGroup = AF531394222A70A700EFA7F2 /* Products */;
			projectDirPath = "";
			projectRoot = "";
			targets = (
				AF531392222A70A700EFA7F2 /* TheTheme */,
				AF53139B222A70A700EFA7F2 /* TheThemeTests */,
			);
		};
/* End PBXProject section */

/* Begin PBXResourcesBuildPhase section */
		AF531391222A70A700EFA7F2 /* Resources */ = {
			isa = PBXResourcesBuildPhase;
			buildActionMask = 2147483647;
			files = (
			);
			runOnlyForDeploymentPostprocessing = 0;
		};
		AF53139A222A70A700EFA7F2 /* Resources */ = {
			isa = PBXResourcesBuildPhase;
			buildActionMask = 2147483647;
			files = (
			);
			runOnlyForDeploymentPostprocessing = 0;
		};
/* End PBXResourcesBuildPhase section */

/* Begin PBXSourcesBuildPhase section */
		AF53138F222A70A700EFA7F2 /* Sources */ = {
			isa = PBXSourcesBuildPhase;
			buildActionMask = 2147483647;
			files = (
				AF5313EF222A9A7B00EFA7F2 /* Theme+Apply.swift in Sources */,
				AF5313F0222A9A7B00EFA7F2 /* DarkTheme.swift in Sources */,
				AF5313F1222A9A7B00EFA7F2 /* StandardTheme.swift in Sources */,
				AF5313EA222A9A2C00EFA7F2 /* Theme.swift in Sources */,
				AF5313F2222A9A7B00EFA7F2 /* Theme+Load.swift in Sources */,
			);
			runOnlyForDeploymentPostprocessing = 0;
		};
		AF531398222A70A700EFA7F2 /* Sources */ = {
			isa = PBXSourcesBuildPhase;
			buildActionMask = 2147483647;
			files = (
				AF5313A2222A70A700EFA7F2 /* TheThemeTests.swift in Sources */,
			);
			runOnlyForDeploymentPostprocessing = 0;
		};
/* End PBXSourcesBuildPhase section */

/* Begin PBXTargetDependency section */
		AF53139F222A70A700EFA7F2 /* PBXTargetDependency */ = {
			isa = PBXTargetDependency;
			target = AF531392222A70A700EFA7F2 /* TheTheme */;
			targetProxy = AF53139E222A70A700EFA7F2 /* PBXContainerItemProxy */;
		};
/* End PBXTargetDependency section */

/* Begin XCBuildConfiguration section */
		AF5313A5222A70A700EFA7F2 /* Debug */ = {
			isa = XCBuildConfiguration;
			buildSettings = {
				ALWAYS_SEARCH_USER_PATHS = NO;
				CLANG_ANALYZER_NONNULL = YES;
				CLANG_ANALYZER_NUMBER_OBJECT_CONVERSION = YES_AGGRESSIVE;
				CLANG_CXX_LANGUAGE_STANDARD = "gnu++14";
				CLANG_CXX_LIBRARY = "libc++";
				CLANG_ENABLE_MODULES = YES;
				CLANG_ENABLE_OBJC_ARC = YES;
				CLANG_ENABLE_OBJC_WEAK = YES;
				CLANG_WARN_BLOCK_CAPTURE_AUTORELEASING = YES;
				CLANG_WARN_BOOL_CONVERSION = YES;
				CLANG_WARN_COMMA = YES;
				CLANG_WARN_CONSTANT_CONVERSION = YES;
				CLANG_WARN_DEPRECATED_OBJC_IMPLEMENTATIONS = YES;
				CLANG_WARN_DIRECT_OBJC_ISA_USAGE = YES_ERROR;
				CLANG_WARN_DOCUMENTATION_COMMENTS = YES;
				CLANG_WARN_EMPTY_BODY = YES;
				CLANG_WARN_ENUM_CONVERSION = YES;
				CLANG_WARN_INFINITE_RECURSION = YES;
				CLANG_WARN_INT_CONVERSION = YES;
				CLANG_WARN_NON_LITERAL_NULL_CONVERSION = YES;
				CLANG_WARN_OBJC_IMPLICIT_RETAIN_SELF = YES;
				CLANG_WARN_OBJC_LITERAL_CONVERSION = YES;
				CLANG_WARN_OBJC_ROOT_CLASS = YES_ERROR;
				CLANG_WARN_RANGE_LOOP_ANALYSIS = YES;
				CLANG_WARN_STRICT_PROTOTYPES = YES;
				CLANG_WARN_SUSPICIOUS_MOVE = YES;
				CLANG_WARN_UNGUARDED_AVAILABILITY = YES_AGGRESSIVE;
				CLANG_WARN_UNREACHABLE_CODE = YES;
				CLANG_WARN__DUPLICATE_METHOD_MATCH = YES;
				CODE_SIGN_IDENTITY = "iPhone Developer";
				COPY_PHASE_STRIP = NO;
				CURRENT_PROJECT_VERSION = 1;
				DEBUG_INFORMATION_FORMAT = dwarf;
				ENABLE_STRICT_OBJC_MSGSEND = YES;
				ENABLE_TESTABILITY = YES;
				GCC_C_LANGUAGE_STANDARD = gnu11;
				GCC_DYNAMIC_NO_PIC = NO;
				GCC_NO_COMMON_BLOCKS = YES;
				GCC_OPTIMIZATION_LEVEL = 0;
				GCC_PREPROCESSOR_DEFINITIONS = (
					"DEBUG=1",
					"$(inherited)",
				);
				GCC_WARN_64_TO_32_BIT_CONVERSION = YES;
				GCC_WARN_ABOUT_RETURN_TYPE = YES_ERROR;
				GCC_WARN_UNDECLARED_SELECTOR = YES;
				GCC_WARN_UNINITIALIZED_AUTOS = YES_AGGRESSIVE;
				GCC_WARN_UNUSED_FUNCTION = YES;
				GCC_WARN_UNUSED_VARIABLE = YES;
				IPHONEOS_DEPLOYMENT_TARGET = 12.2;
				MTL_ENABLE_DEBUG_INFO = INCLUDE_SOURCE;
				MTL_FAST_MATH = YES;
				ONLY_ACTIVE_ARCH = YES;
				SDKROOT = iphoneos;
				SWIFT_ACTIVE_COMPILATION_CONDITIONS = DEBUG;
				SWIFT_OPTIMIZATION_LEVEL = "-Onone";
				VERSIONING_SYSTEM = "apple-generic";
				VERSION_INFO_PREFIX = "";
			};
			name = Debug;
		};
		AF5313A6222A70A700EFA7F2 /* Release */ = {
			isa = XCBuildConfiguration;
			buildSettings = {
				ALWAYS_SEARCH_USER_PATHS = NO;
				CLANG_ANALYZER_NONNULL = YES;
				CLANG_ANALYZER_NUMBER_OBJECT_CONVERSION = YES_AGGRESSIVE;
				CLANG_CXX_LANGUAGE_STANDARD = "gnu++14";
				CLANG_CXX_LIBRARY = "libc++";
				CLANG_ENABLE_MODULES = YES;
				CLANG_ENABLE_OBJC_ARC = YES;
				CLANG_ENABLE_OBJC_WEAK = YES;
				CLANG_WARN_BLOCK_CAPTURE_AUTORELEASING = YES;
				CLANG_WARN_BOOL_CONVERSION = YES;
				CLANG_WARN_COMMA = YES;
				CLANG_WARN_CONSTANT_CONVERSION = YES;
				CLANG_WARN_DEPRECATED_OBJC_IMPLEMENTATIONS = YES;
				CLANG_WARN_DIRECT_OBJC_ISA_USAGE = YES_ERROR;
				CLANG_WARN_DOCUMENTATION_COMMENTS = YES;
				CLANG_WARN_EMPTY_BODY = YES;
				CLANG_WARN_ENUM_CONVERSION = YES;
				CLANG_WARN_INFINITE_RECURSION = YES;
				CLANG_WARN_INT_CONVERSION = YES;
				CLANG_WARN_NON_LITERAL_NULL_CONVERSION = YES;
				CLANG_WARN_OBJC_IMPLICIT_RETAIN_SELF = YES;
				CLANG_WARN_OBJC_LITERAL_CONVERSION = YES;
				CLANG_WARN_OBJC_ROOT_CLASS = YES_ERROR;
				CLANG_WARN_RANGE_LOOP_ANALYSIS = YES;
				CLANG_WARN_STRICT_PROTOTYPES = YES;
				CLANG_WARN_SUSPICIOUS_MOVE = YES;
				CLANG_WARN_UNGUARDED_AVAILABILITY = YES_AGGRESSIVE;
				CLANG_WARN_UNREACHABLE_CODE = YES;
				CLANG_WARN__DUPLICATE_METHOD_MATCH = YES;
				CODE_SIGN_IDENTITY = "iPhone Developer";
				COPY_PHASE_STRIP = NO;
				CURRENT_PROJECT_VERSION = 1;
				DEBUG_INFORMATION_FORMAT = "dwarf-with-dsym";
				ENABLE_NS_ASSERTIONS = NO;
				ENABLE_STRICT_OBJC_MSGSEND = YES;
				GCC_C_LANGUAGE_STANDARD = gnu11;
				GCC_NO_COMMON_BLOCKS = YES;
				GCC_WARN_64_TO_32_BIT_CONVERSION = YES;
				GCC_WARN_ABOUT_RETURN_TYPE = YES_ERROR;
				GCC_WARN_UNDECLARED_SELECTOR = YES;
				GCC_WARN_UNINITIALIZED_AUTOS = YES_AGGRESSIVE;
				GCC_WARN_UNUSED_FUNCTION = YES;
				GCC_WARN_UNUSED_VARIABLE = YES;
				IPHONEOS_DEPLOYMENT_TARGET = 12.2;
				MTL_ENABLE_DEBUG_INFO = NO;
				MTL_FAST_MATH = YES;
				SDKROOT = iphoneos;
				SWIFT_COMPILATION_MODE = wholemodule;
				SWIFT_OPTIMIZATION_LEVEL = "-O";
				VALIDATE_PRODUCT = YES;
				VERSIONING_SYSTEM = "apple-generic";
				VERSION_INFO_PREFIX = "";
			};
			name = Release;
		};
		AF5313A8222A70A700EFA7F2 /* Debug */ = {
			isa = XCBuildConfiguration;
			buildSettings = {
				CLANG_ENABLE_MODULES = YES;
				CODE_SIGN_IDENTITY = "";
				CODE_SIGN_STYLE = Automatic;
				DEFINES_MODULE = YES;
				DEVELOPMENT_TEAM = 48DVB7QH33;
				DYLIB_COMPATIBILITY_VERSION = 1;
				DYLIB_CURRENT_VERSION = 1;
				DYLIB_INSTALL_NAME_BASE = "@rpath";
				INFOPLIST_FILE = TheTheme/Info.plist;
				INSTALL_PATH = "$(LOCAL_LIBRARY_DIR)/Frameworks";
				LD_RUNPATH_SEARCH_PATHS = (
					"$(inherited)",
					"@executable_path/Frameworks",
					"@loader_path/Frameworks",
				);
				PRODUCT_BUNDLE_IDENTIFIER = com.TheTheme.framework;
				PRODUCT_NAME = "$(TARGET_NAME:c99extidentifier)";
				SKIP_INSTALL = YES;
				SWIFT_OPTIMIZATION_LEVEL = "-Onone";
				SWIFT_VERSION = 5.0;
				TARGETED_DEVICE_FAMILY = "1,2";
			};
			name = Debug;
		};
		AF5313A9222A70A700EFA7F2 /* Release */ = {
			isa = XCBuildConfiguration;
			buildSettings = {
				CLANG_ENABLE_MODULES = YES;
				CODE_SIGN_IDENTITY = "";
				CODE_SIGN_STYLE = Automatic;
				DEFINES_MODULE = YES;
				DEVELOPMENT_TEAM = 48DVB7QH33;
				DYLIB_COMPATIBILITY_VERSION = 1;
				DYLIB_CURRENT_VERSION = 1;
				DYLIB_INSTALL_NAME_BASE = "@rpath";
				INFOPLIST_FILE = TheTheme/Info.plist;
				INSTALL_PATH = "$(LOCAL_LIBRARY_DIR)/Frameworks";
				LD_RUNPATH_SEARCH_PATHS = (
					"$(inherited)",
					"@executable_path/Frameworks",
					"@loader_path/Frameworks",
				);
				PRODUCT_BUNDLE_IDENTIFIER = com.TheTheme.framework;
				PRODUCT_NAME = "$(TARGET_NAME:c99extidentifier)";
				SKIP_INSTALL = YES;
				SWIFT_VERSION = 5.0;
				TARGETED_DEVICE_FAMILY = "1,2";
			};
			name = Release;
		};
		AF5313AB222A70A700EFA7F2 /* Debug */ = {
			isa = XCBuildConfiguration;
			buildSettings = {
				ALWAYS_EMBED_SWIFT_STANDARD_LIBRARIES = YES;
				CODE_SIGN_STYLE = Automatic;
				DEVELOPMENT_TEAM = 48DVB7QH33;
				INFOPLIST_FILE = TheThemeTests/Info.plist;
				LD_RUNPATH_SEARCH_PATHS = (
					"$(inherited)",
					"@executable_path/Frameworks",
					"@loader_path/Frameworks",
				);
				PRODUCT_BUNDLE_IDENTIFIER = com.TheTheme.FrameworkTests;
				PRODUCT_NAME = "$(TARGET_NAME)";
				SWIFT_VERSION = 5.0;
				TARGETED_DEVICE_FAMILY = "1,2";
			};
			name = Debug;
		};
		AF5313AC222A70A700EFA7F2 /* Release */ = {
			isa = XCBuildConfiguration;
			buildSettings = {
				ALWAYS_EMBED_SWIFT_STANDARD_LIBRARIES = YES;
				CODE_SIGN_STYLE = Automatic;
				DEVELOPMENT_TEAM = 48DVB7QH33;
				INFOPLIST_FILE = TheThemeTests/Info.plist;
				LD_RUNPATH_SEARCH_PATHS = (
					"$(inherited)",
					"@executable_path/Frameworks",
					"@loader_path/Frameworks",
				);
				PRODUCT_BUNDLE_IDENTIFIER = com.TheTheme.FrameworkTests;
				PRODUCT_NAME = "$(TARGET_NAME)";
				SWIFT_VERSION = 5.0;
				TARGETED_DEVICE_FAMILY = "1,2";
			};
			name = Release;
		};
/* End XCBuildConfiguration section */

/* Begin XCConfigurationList section */
		AF53138D222A70A700EFA7F2 /* Build configuration list for PBXProject "TheTheme" */ = {
			isa = XCConfigurationList;
			buildConfigurations = (
				AF5313A5222A70A700EFA7F2 /* Debug */,
				AF5313A6222A70A700EFA7F2 /* Release */,
			);
			defaultConfigurationIsVisible = 0;
			defaultConfigurationName = Release;
		};
		AF5313A7222A70A700EFA7F2 /* Build configuration list for PBXNativeTarget "TheTheme" */ = {
			isa = XCConfigurationList;
			buildConfigurations = (
				AF5313A8222A70A700EFA7F2 /* Debug */,
				AF5313A9222A70A700EFA7F2 /* Release */,
			);
			defaultConfigurationIsVisible = 0;
			defaultConfigurationName = Release;
		};
		AF5313AA222A70A700EFA7F2 /* Build configuration list for PBXNativeTarget "TheThemeTests" */ = {
			isa = XCConfigurationList;
			buildConfigurations = (
				AF5313AB222A70A700EFA7F2 /* Debug */,
				AF5313AC222A70A700EFA7F2 /* Release */,
			);
			defaultConfigurationIsVisible = 0;
			defaultConfigurationName = Release;
		};
/* End XCConfigurationList section */
	};
	rootObject = AF53138A222A70A700EFA7F2 /* Project object */;
}
