// !$*UTF8*$!
{
	archiveVersion = 1;
	classes = {
	};
	objectVersion = 50;
	objects = {

/* Begin PBXBuildFile section */
		AF5313BA222A712D00EFA7F2 /* AppDelegate.swift in Sources */ = {isa = PBXBuildFile; fileRef = AF5313B9222A712D00EFA7F2 /* AppDelegate.swift */; };
		AF5313C1222A712D00EFA7F2 /* Assets.xcassets in Resources */ = {isa = PBXBuildFile; fileRef = AF5313C0222A712D00EFA7F2 /* Assets.xcassets */; };
		AF5313C4222A712D00EFA7F2 /* LaunchScreen.storyboard in Resources */ = {isa = PBXBuildFile; fileRef = AF5313C2222A712D00EFA7F2 /* LaunchScreen.storyboard */; };
		AF5313CF222A712D00EFA7F2 /* TheThemeAppTests.swift in Sources */ = {isa = PBXBuildFile; fileRef = AF5313CE222A712D00EFA7F2 /* TheThemeAppTests.swift */; };
		AF5313DA222A712D00EFA7F2 /* TheThemeAppUITests.swift in Sources */ = {isa = PBXBuildFile; fileRef = AF5313D9222A712D00EFA7F2 /* TheThemeAppUITests.swift */; };
		AF5313E8222A98E400EFA7F2 /* RootViewController.swift in Sources */ = {isa = PBXBuildFile; fileRef = AF5313E7222A98E400EFA7F2 /* RootViewController.swift */; };
		AF5313F4222A9B2C00EFA7F2 /* TheTheme.framework in Frameworks */ = {isa = PBXBuildFile; fileRef = AF5313F3222A9B2C00EFA7F2 /* TheTheme.framework */; };
		AF5313F5222A9B2C00EFA7F2 /* TheTheme.framework in Embed Frameworks */ = {isa = PBXBuildFile; fileRef = AF5313F3222A9B2C00EFA7F2 /* TheTheme.framework */; settings = {ATTRIBUTES = (CodeSignOnCopy, RemoveHeadersOnCopy, ); }; };
		AF5313F8222AA29B00EFA7F2 /* ThemeViewController.swift in Sources */ = {isa = PBXBuildFile; fileRef = AF5313F7222AA29B00EFA7F2 /* ThemeViewController.swift */; };
		AF5313FA222AA33400EFA7F2 /* AboutViewController.swift in Sources */ = {isa = PBXBuildFile; fileRef = AF5313F9222AA33400EFA7F2 /* AboutViewController.swift */; };
		AF6D74AE222AAC4500736B4F /* ThemeView.swift in Sources */ = {isa = PBXBuildFile; fileRef = AF6D74AD222AAC4500736B4F /* ThemeView.swift */; };
		AF6D74B0222AB60900736B4F /* Themes.swift in Sources */ = {isa = PBXBuildFile; fileRef = AF6D74AF222AB60900736B4F /* Themes.swift */; };
/* End PBXBuildFile section */

/* Begin PBXContainerItemProxy section */
		AF5313CB222A712D00EFA7F2 /* PBXContainerItemProxy */ = {
			isa = PBXContainerItemProxy;
			containerPortal = AF5313AE222A712D00EFA7F2 /* Project object */;
			proxyType = 1;
			remoteGlobalIDString = AF5313B5222A712D00EFA7F2;
			remoteInfo = TheThemeApp;
		};
		AF5313D6222A712D00EFA7F2 /* PBXContainerItemProxy */ = {
			isa = PBXContainerItemProxy;
			containerPortal = AF5313AE222A712D00EFA7F2 /* Project object */;
			proxyType = 1;
			remoteGlobalIDString = AF5313B5222A712D00EFA7F2;
			remoteInfo = TheThemeApp;
		};
/* End PBXContainerItemProxy section */

/* Begin PBXCopyFilesBuildPhase section */
		AF5313F6222A9B2D00EFA7F2 /* Embed Frameworks */ = {
			isa = PBXCopyFilesBuildPhase;
			buildActionMask = 2147483647;
			dstPath = "";
			dstSubfolderSpec = 10;
			files = (
				AF5313F5222A9B2C00EFA7F2 /* TheTheme.framework in Embed Frameworks */,
			);
			name = "Embed Frameworks";
			runOnlyForDeploymentPostprocessing = 0;
		};
/* End PBXCopyFilesBuildPhase section */

/* Begin PBXFileReference section */
		AF5313B6222A712D00EFA7F2 /* TheThemeApp.app */ = {isa = PBXFileReference; explicitFileType = wrapper.application; includeInIndex = 0; path = TheThemeApp.app; sourceTree = BUILT_PRODUCTS_DIR; };
		AF5313B9222A712D00EFA7F2 /* AppDelegate.swift */ = {isa = PBXFileReference; lastKnownFileType = sourcecode.swift; path = AppDelegate.swift; sourceTree = "<group>"; };
		AF5313C0222A712D00EFA7F2 /* Assets.xcassets */ = {isa = PBXFileReference; lastKnownFileType = folder.assetcatalog; path = Assets.xcassets; sourceTree = "<group>"; };
		AF5313C3222A712D00EFA7F2 /* Base */ = {isa = PBXFileReference; lastKnownFileType = file.storyboard; name = Base; path = Base.lproj/LaunchScreen.storyboard; sourceTree = "<group>"; };
		AF5313C5222A712D00EFA7F2 /* Info.plist */ = {isa = PBXFileReference; lastKnownFileType = text.plist.xml; path = Info.plist; sourceTree = "<group>"; };
		AF5313CA222A712D00EFA7F2 /* TheThemeAppTests.xctest */ = {isa = PBXFileReference; explicitFileType = wrapper.cfbundle; includeInIndex = 0; path = TheThemeAppTests.xctest; sourceTree = BUILT_PRODUCTS_DIR; };
		AF5313CE222A712D00EFA7F2 /* TheThemeAppTests.swift */ = {isa = PBXFileReference; lastKnownFileType = sourcecode.swift; path = TheThemeAppTests.swift; sourceTree = "<group>"; };
		AF5313D0222A712D00EFA7F2 /* Info.plist */ = {isa = PBXFileReference; lastKnownFileType = text.plist.xml; path = Info.plist; sourceTree = "<group>"; };
		AF5313D5222A712D00EFA7F2 /* TheThemeAppUITests.xctest */ = {isa = PBXFileReference; explicitFileType = wrapper.cfbundle; includeInIndex = 0; path = TheThemeAppUITests.xctest; sourceTree = BUILT_PRODUCTS_DIR; };
		AF5313D9222A712D00EFA7F2 /* TheThemeAppUITests.swift */ = {isa = PBXFileReference; lastKnownFileType = sourcecode.swift; path = TheThemeAppUITests.swift; sourceTree = "<group>"; };
		AF5313DB222A712D00EFA7F2 /* Info.plist */ = {isa = PBXFileReference; lastKnownFileType = text.plist.xml; path = Info.plist; sourceTree = "<group>"; };
		AF5313E7222A98E400EFA7F2 /* RootViewController.swift */ = {isa = PBXFileReference; lastKnownFileType = sourcecode.swift; path = RootViewController.swift; sourceTree = "<group>"; };
		AF5313F3222A9B2C00EFA7F2 /* TheTheme.framework */ = {isa = PBXFileReference; explicitFileType = wrapper.framework; path = TheTheme.framework; sourceTree = BUILT_PRODUCTS_DIR; };
		AF5313F7222AA29B00EFA7F2 /* ThemeViewController.swift */ = {isa = PBXFileReference; lastKnownFileType = sourcecode.swift; path = ThemeViewController.swift; sourceTree = "<group>"; };
		AF5313F9222AA33400EFA7F2 /* AboutViewController.swift */ = {isa = PBXFileReference; lastKnownFileType = sourcecode.swift; path = AboutViewController.swift; sourceTree = "<group>"; };
		AF6D74AD222AAC4500736B4F /* ThemeView.swift */ = {isa = PBXFileReference; lastKnownFileType = sourcecode.swift; path = ThemeView.swift; sourceTree = "<group>"; };
		AF6D74AF222AB60900736B4F /* Themes.swift */ = {isa = PBXFileReference; lastKnownFileType = sourcecode.swift; path = Themes.swift; sourceTree = "<group>"; };
/* End PBXFileReference section */

/* Begin PBXFrameworksBuildPhase section */
		AF5313B3222A712D00EFA7F2 /* Frameworks */ = {
			isa = PBXFrameworksBuildPhase;
			buildActionMask = 2147483647;
			files = (
				AF5313F4222A9B2C00EFA7F2 /* TheTheme.framework in Frameworks */,
			);
			runOnlyForDeploymentPostprocessing = 0;
		};
		AF5313C7222A712D00EFA7F2 /* Frameworks */ = {
			isa = PBXFrameworksBuildPhase;
			buildActionMask = 2147483647;
			files = (
			);
			runOnlyForDeploymentPostprocessing = 0;
		};
		AF5313D2222A712D00EFA7F2 /* Frameworks */ = {
			isa = PBXFrameworksBuildPhase;
			buildActionMask = 2147483647;
			files = (
			);
			runOnlyForDeploymentPostprocessing = 0;
		};
/* End PBXFrameworksBuildPhase section */

/* Begin PBXGroup section */
		AF5313AD222A712D00EFA7F2 = {
			isa = PBXGroup;
			children = (
				AF5313F3222A9B2C00EFA7F2 /* TheTheme.framework */,
				AF5313B8222A712D00EFA7F2 /* TheThemeApp */,
				AF5313CD222A712D00EFA7F2 /* TheThemeAppTests */,
				AF5313D8222A712D00EFA7F2 /* TheThemeAppUITests */,
				AF5313B7222A712D00EFA7F2 /* Products */,
			);
			sourceTree = "<group>";
		};
		AF5313B7222A712D00EFA7F2 /* Products */ = {
			isa = PBXGroup;
			children = (
				AF5313B6222A712D00EFA7F2 /* TheThemeApp.app */,
				AF5313CA222A712D00EFA7F2 /* TheThemeAppTests.xctest */,
				AF5313D5222A712D00EFA7F2 /* TheThemeAppUITests.xctest */,
			);
			name = Products;
			sourceTree = "<group>";
		};
		AF5313B8222A712D00EFA7F2 /* TheThemeApp */ = {
			isa = PBXGroup;
			children = (
				AF5313B9222A712D00EFA7F2 /* AppDelegate.swift */,
				AF5313E7222A98E400EFA7F2 /* RootViewController.swift */,
				AF5313F7222AA29B00EFA7F2 /* ThemeViewController.swift */,
				AF6D74AD222AAC4500736B4F /* ThemeView.swift */,
				AF6D74AF222AB60900736B4F /* Themes.swift */,
				AF5313F9222AA33400EFA7F2 /* AboutViewController.swift */,
				AF5313C0222A712D00EFA7F2 /* Assets.xcassets */,
				AF5313C2222A712D00EFA7F2 /* LaunchScreen.storyboard */,
				AF5313C5222A712D00EFA7F2 /* Info.plist */,
			);
			path = TheThemeApp;
			sourceTree = "<group>";
		};
		AF5313CD222A712D00EFA7F2 /* TheThemeAppTests */ = {
			isa = PBXGroup;
			children = (
				AF5313CE222A712D00EFA7F2 /* TheThemeAppTests.swift */,
				AF5313D0222A712D00EFA7F2 /* Info.plist */,
			);
			path = TheThemeAppTests;
			sourceTree = "<group>";
		};
		AF5313D8222A712D00EFA7F2 /* TheThemeAppUITests */ = {
			isa = PBXGroup;
			children = (
				AF5313D9222A712D00EFA7F2 /* TheThemeAppUITests.swift */,
				AF5313DB222A712D00EFA7F2 /* Info.plist */,
			);
			path = TheThemeAppUITests;
			sourceTree = "<group>";
		};
/* End PBXGroup section */

/* Begin PBXNativeTarget section */
		AF5313B5222A712D00EFA7F2 /* TheThemeApp */ = {
			isa = PBXNativeTarget;
			buildConfigurationList = AF5313DE222A712D00EFA7F2 /* Build configuration list for PBXNativeTarget "TheThemeApp" */;
			buildPhases = (
				AF5313B2222A712D00EFA7F2 /* Sources */,
				AF5313B3222A712D00EFA7F2 /* Frameworks */,
				AF5313B4222A712D00EFA7F2 /* Resources */,
				AF5313F6222A9B2D00EFA7F2 /* Embed Frameworks */,
			);
			buildRules = (
			);
			dependencies = (
			);
			name = TheThemeApp;
			productName = TheThemeApp;
			productReference = AF5313B6222A712D00EFA7F2 /* TheThemeApp.app */;
			productType = "com.apple.product-type.application";
		};
		AF5313C9222A712D00EFA7F2 /* TheThemeAppTests */ = {
			isa = PBXNativeTarget;
			buildConfigurationList = AF5313E1222A712D00EFA7F2 /* Build configuration list for PBXNativeTarget "TheThemeAppTests" */;
			buildPhases = (
				AF5313C6222A712D00EFA7F2 /* Sources */,
				AF5313C7222A712D00EFA7F2 /* Frameworks */,
				AF5313C8222A712D00EFA7F2 /* Resources */,
			);
			buildRules = (
			);
			dependencies = (
				AF5313CC222A712D00EFA7F2 /* PBXTargetDependency */,
			);
			name = TheThemeAppTests;
			productName = TheThemeAppTests;
			productReference = AF5313CA222A712D00EFA7F2 /* TheThemeAppTests.xctest */;
			productType = "com.apple.product-type.bundle.unit-test";
		};
		AF5313D4222A712D00EFA7F2 /* TheThemeAppUITests */ = {
			isa = PBXNativeTarget;
			buildConfigurationList = AF5313E4222A712D00EFA7F2 /* Build configuration list for PBXNativeTarget "TheThemeAppUITests" */;
			buildPhases = (
				AF5313D1222A712D00EFA7F2 /* Sources */,
				AF5313D2222A712D00EFA7F2 /* Frameworks */,
				AF5313D3222A712D00EFA7F2 /* Resources */,
			);
			buildRules = (
			);
			dependencies = (
				AF5313D7222A712D00EFA7F2 /* PBXTargetDependency */,
			);
			name = TheThemeAppUITests;
			productName = TheThemeAppUITests;
			productReference = AF5313D5222A712D00EFA7F2 /* TheThemeAppUITests.xctest */;
			productType = "com.apple.product-type.bundle.ui-testing";
		};
/* End PBXNativeTarget section */

/* Begin PBXProject section */
		AF5313AE222A712D00EFA7F2 /* Project object */ = {
			isa = PBXProject;
			attributes = {
				LastSwiftUpdateCheck = 1020;
				LastUpgradeCheck = 1020;
				ORGANIZATIONNAME = "Pavel Gnatyuk";
				TargetAttributes = {
					AF5313B5222A712D00EFA7F2 = {
						CreatedOnToolsVersion = 10.2;
					};
					AF5313C9222A712D00EFA7F2 = {
						CreatedOnToolsVersion = 10.2;
						TestTargetID = AF5313B5222A712D00EFA7F2;
					};
					AF5313D4222A712D00EFA7F2 = {
						CreatedOnToolsVersion = 10.2;
						TestTargetID = AF5313B5222A712D00EFA7F2;
					};
				};
			};
			buildConfigurationList = AF5313B1222A712D00EFA7F2 /* Build configuration list for PBXProject "TheThemeApp" */;
			compatibilityVersion = "Xcode 9.3";
			developmentRegion = en;
			hasScannedForEncodings = 0;
			knownRegions = (
				en,
				Base,
			);
			mainGroup = AF5313AD222A712D00EFA7F2;
			productRefGroup = AF5313B7222A712D00EFA7F2 /* Products */;
			projectDirPath = "";
			projectRoot = "";
			targets = (
				AF5313B5222A712D00EFA7F2 /* TheThemeApp */,
				AF5313C9222A712D00EFA7F2 /* TheThemeAppTests */,
				AF5313D4222A712D00EFA7F2 /* TheThemeAppUITests */,
			);
		};
/* End PBXProject section */

/* Begin PBXResourcesBuildPhase section */
		AF5313B4222A712D00EFA7F2 /* Resources */ = {
			isa = PBXResourcesBuildPhase;
			buildActionMask = 2147483647;
			files = (
				AF5313C4222A712D00EFA7F2 /* LaunchScreen.storyboard in Resources */,
				AF5313C1222A712D00EFA7F2 /* Assets.xcassets in Resources */,
			);
			runOnlyForDeploymentPostprocessing = 0;
		};
		AF5313C8222A712D00EFA7F2 /* Resources */ = {
			isa = PBXResourcesBuildPhase;
			buildActionMask = 2147483647;
			files = (
			);
			runOnlyForDeploymentPostprocessing = 0;
		};
		AF5313D3222A712D00EFA7F2 /* Resources */ = {
			isa = PBXResourcesBuildPhase;
			buildActionMask = 2147483647;
			files = (
			);
			runOnlyForDeploymentPostprocessing = 0;
		};
/* End PBXResourcesBuildPhase section */

/* Begin PBXSourcesBuildPhase section */
		AF5313B2222A712D00EFA7F2 /* Sources */ = {
			isa = PBXSourcesBuildPhase;
			buildActionMask = 2147483647;
			files = (
				AF5313F8222AA29B00EFA7F2 /* ThemeViewController.swift in Sources */,
				AF6D74B0222AB60900736B4F /* Themes.swift in Sources */,
				AF5313BA222A712D00EFA7F2 /* AppDelegate.swift in Sources */,
				AF5313FA222AA33400EFA7F2 /* AboutViewController.swift in Sources */,
				AF6D74AE222AAC4500736B4F /* ThemeView.swift in Sources */,
				AF5313E8222A98E400EFA7F2 /* RootViewController.swift in Sources */,
			);
			runOnlyForDeploymentPostprocessing = 0;
		};
		AF5313C6222A712D00EFA7F2 /* Sources */ = {
			isa = PBXSourcesBuildPhase;
			buildActionMask = 2147483647;
			files = (
				AF5313CF222A712D00EFA7F2 /* TheThemeAppTests.swift in Sources */,
			);
			runOnlyForDeploymentPostprocessing = 0;
		};
		AF5313D1222A712D00EFA7F2 /* Sources */ = {
			isa = PBXSourcesBuildPhase;
			buildActionMask = 2147483647;
			files = (
				AF5313DA222A712D00EFA7F2 /* TheThemeAppUITests.swift in Sources */,
			);
			runOnlyForDeploymentPostprocessing = 0;
		};
/* End PBXSourcesBuildPhase section */

/* Begin PBXTargetDependency section */
		AF5313CC222A712D00EFA7F2 /* PBXTargetDependency */ = {
			isa = PBXTargetDependency;
			target = AF5313B5222A712D00EFA7F2 /* TheThemeApp */;
			targetProxy = AF5313CB222A712D00EFA7F2 /* PBXContainerItemProxy */;
		};
		AF5313D7222A712D00EFA7F2 /* PBXTargetDependency */ = {
			isa = PBXTargetDependency;
			target = AF5313B5222A712D00EFA7F2 /* TheThemeApp */;
			targetProxy = AF5313D6222A712D00EFA7F2 /* PBXContainerItemProxy */;
		};
/* End PBXTargetDependency section */

/* Begin PBXVariantGroup section */
		AF5313C2222A712D00EFA7F2 /* LaunchScreen.storyboard */ = {
			isa = PBXVariantGroup;
			children = (
				AF5313C3222A712D00EFA7F2 /* Base */,
			);
			name = LaunchScreen.storyboard;
			sourceTree = "<group>";
		};
/* End PBXVariantGroup section */

/* Begin XCBuildConfiguration section */
		AF5313DC222A712D00EFA7F2 /* Debug */ = {
			isa = XCBuildConfiguration;
			buildSettings = {
				ALWAYS_SEARCH_USER_PATHS = NO;
				CLANG_ANALYZER_NONNULL = YES;
				CLANG_ANALYZER_NUMBER_OBJECT_CONVERSION = YES_AGGRESSIVE;
				CLANG_CXX_LANGUAGE_STANDARD = "gnu++14";
				CLANG_CXX_LIBRARY = "libc++";
				CLANG_ENABLE_MODULES = YES;
				CLANG_ENABLE_OBJC_ARC = YES;
				CLANG_ENABLE_OBJC_WEAK = YES;
				CLANG_WARN_BLOCK_CAPTURE_AUTORELEASING = YES;
				CLANG_WARN_BOOL_CONVERSION = YES;
				CLANG_WARN_COMMA = YES;
				CLANG_WARN_CONSTANT_CONVERSION = YES;
				CLANG_WARN_DEPRECATED_OBJC_IMPLEMENTATIONS = YES;
				CLANG_WARN_DIRECT_OBJC_ISA_USAGE = YES_ERROR;
				CLANG_WARN_DOCUMENTATION_COMMENTS = YES;
				CLANG_WARN_EMPTY_BODY = YES;
				CLANG_WARN_ENUM_CONVERSION = YES;
				CLANG_WARN_INFINITE_RECURSION = YES;
				CLANG_WARN_INT_CONVERSION = YES;
				CLANG_WARN_NON_LITERAL_NULL_CONVERSION = YES;
				CLANG_WARN_OBJC_IMPLICIT_RETAIN_SELF = YES;
				CLANG_WARN_OBJC_LITERAL_CONVERSION = YES;
				CLANG_WARN_OBJC_ROOT_CLASS = YES_ERROR;
				CLANG_WARN_RANGE_LOOP_ANALYSIS = YES;
				CLANG_WARN_STRICT_PROTOTYPES = YES;
				CLANG_WARN_SUSPICIOUS_MOVE = YES;
				CLANG_WARN_UNGUARDED_AVAILABILITY = YES_AGGRESSIVE;
				CLANG_WARN_UNREACHABLE_CODE = YES;
				CLANG_WARN__DUPLICATE_METHOD_MATCH = YES;
				CODE_SIGN_IDENTITY = "iPhone Developer";
				COPY_PHASE_STRIP = NO;
				DEBUG_INFORMATION_FORMAT = dwarf;
				ENABLE_STRICT_OBJC_MSGSEND = YES;
				ENABLE_TESTABILITY = YES;
				GCC_C_LANGUAGE_STANDARD = gnu11;
				GCC_DYNAMIC_NO_PIC = NO;
				GCC_NO_COMMON_BLOCKS = YES;
				GCC_OPTIMIZATION_LEVEL = 0;
				GCC_PREPROCESSOR_DEFINITIONS = (
					"DEBUG=1",
					"$(inherited)",
				);
				GCC_WARN_64_TO_32_BIT_CONVERSION = YES;
				GCC_WARN_ABOUT_RETURN_TYPE = YES_ERROR;
				GCC_WARN_UNDECLARED_SELECTOR = YES;
				GCC_WARN_UNINITIALIZED_AUTOS = YES_AGGRESSIVE;
				GCC_WARN_UNUSED_FUNCTION = YES;
				GCC_WARN_UNUSED_VARIABLE = YES;
				IPHONEOS_DEPLOYMENT_TARGET = 12.2;
				MTL_ENABLE_DEBUG_INFO = INCLUDE_SOURCE;
				MTL_FAST_MATH = YES;
				ONLY_ACTIVE_ARCH = YES;
				SDKROOT = iphoneos;
				SWIFT_ACTIVE_COMPILATION_CONDITIONS = DEBUG;
				SWIFT_OPTIMIZATION_LEVEL = "-Onone";
			};
			name = Debug;
		};
		AF5313DD222A712D00EFA7F2 /* Release */ = {
			isa = XCBuildConfiguration;
			buildSettings = {
				ALWAYS_SEARCH_USER_PATHS = NO;
				CLANG_ANALYZER_NONNULL = YES;
				CLANG_ANALYZER_NUMBER_OBJECT_CONVERSION = YES_AGGRESSIVE;
				CLANG_CXX_LANGUAGE_STANDARD = "gnu++14";
				CLANG_CXX_LIBRARY = "libc++";
				CLANG_ENABLE_MODULES = YES;
				CLANG_ENABLE_OBJC_ARC = YES;
				CLANG_ENABLE_OBJC_WEAK = YES;
				CLANG_WARN_BLOCK_CAPTURE_AUTORELEASING = YES;
				CLANG_WARN_BOOL_CONVERSION = YES;
				CLANG_WARN_COMMA = YES;
				CLANG_WARN_CONSTANT_CONVERSION = YES;
				CLANG_WARN_DEPRECATED_OBJC_IMPLEMENTATIONS = YES;
				CLANG_WARN_DIRECT_OBJC_ISA_USAGE = YES_ERROR;
				CLANG_WARN_DOCUMENTATION_COMMENTS = YES;
				CLANG_WARN_EMPTY_BODY = YES;
				CLANG_WARN_ENUM_CONVERSION = YES;
				CLANG_WARN_INFINITE_RECURSION = YES;
				CLANG_WARN_INT_CONVERSION = YES;
				CLANG_WARN_NON_LITERAL_NULL_CONVERSION = YES;
				CLANG_WARN_OBJC_IMPLICIT_RETAIN_SELF = YES;
				CLANG_WARN_OBJC_LITERAL_CONVERSION = YES;
				CLANG_WARN_OBJC_ROOT_CLASS = YES_ERROR;
				CLANG_WARN_RANGE_LOOP_ANALYSIS = YES;
				CLANG_WARN_STRICT_PROTOTYPES = YES;
				CLANG_WARN_SUSPICIOUS_MOVE = YES;
				CLANG_WARN_UNGUARDED_AVAILABILITY = YES_AGGRESSIVE;
				CLANG_WARN_UNREACHABLE_CODE = YES;
				CLANG_WARN__DUPLICATE_METHOD_MATCH = YES;
				CODE_SIGN_IDENTITY = "iPhone Developer";
				COPY_PHASE_STRIP = NO;
				DEBUG_INFORMATION_FORMAT = "dwarf-with-dsym";
				ENABLE_NS_ASSERTIONS = NO;
				ENABLE_STRICT_OBJC_MSGSEND = YES;
				GCC_C_LANGUAGE_STANDARD = gnu11;
				GCC_NO_COMMON_BLOCKS = YES;
				GCC_WARN_64_TO_32_BIT_CONVERSION = YES;
				GCC_WARN_ABOUT_RETURN_TYPE = YES_ERROR;
				GCC_WARN_UNDECLARED_SELECTOR = YES;
				GCC_WARN_UNINITIALIZED_AUTOS = YES_AGGRESSIVE;
				GCC_WARN_UNUSED_FUNCTION = YES;
				GCC_WARN_UNUSED_VARIABLE = YES;
				IPHONEOS_DEPLOYMENT_TARGET = 12.2;
				MTL_ENABLE_DEBUG_INFO = NO;
				MTL_FAST_MATH = YES;
				SDKROOT = iphoneos;
				SWIFT_COMPILATION_MODE = wholemodule;
				SWIFT_OPTIMIZATION_LEVEL = "-O";
				VALIDATE_PRODUCT = YES;
			};
			name = Release;
		};
		AF5313DF222A712D00EFA7F2 /* Debug */ = {
			isa = XCBuildConfiguration;
			buildSettings = {
				ASSETCATALOG_COMPILER_APPICON_NAME = AppIcon;
				CODE_SIGN_STYLE = Automatic;
				DEVELOPMENT_TEAM = 48DVB7QH33;
				INFOPLIST_FILE = TheThemeApp/Info.plist;
				LD_RUNPATH_SEARCH_PATHS = (
					"$(inherited)",
					"@executable_path/Frameworks",
				);
				PRODUCT_BUNDLE_IDENTIFIER = com.TheTheme.App;
				PRODUCT_NAME = "$(TARGET_NAME)";
				SWIFT_VERSION = 5.0;
				TARGETED_DEVICE_FAMILY = "1,2";
			};
			name = Debug;
		};
		AF5313E0222A712D00EFA7F2 /* Release */ = {
			isa = XCBuildConfiguration;
			buildSettings = {
				ASSETCATALOG_COMPILER_APPICON_NAME = AppIcon;
				CODE_SIGN_STYLE = Automatic;
				DEVELOPMENT_TEAM = 48DVB7QH33;
				INFOPLIST_FILE = TheThemeApp/Info.plist;
				LD_RUNPATH_SEARCH_PATHS = (
					"$(inherited)",
					"@executable_path/Frameworks",
				);
				PRODUCT_BUNDLE_IDENTIFIER = com.TheTheme.App;
				PRODUCT_NAME = "$(TARGET_NAME)";
				SWIFT_VERSION = 5.0;
				TARGETED_DEVICE_FAMILY = "1,2";
			};
			name = Release;
		};
		AF5313E2222A712D00EFA7F2 /* Debug */ = {
			isa = XCBuildConfiguration;
			buildSettings = {
				ALWAYS_EMBED_SWIFT_STANDARD_LIBRARIES = YES;
				BUNDLE_LOADER = "$(TEST_HOST)";
				CODE_SIGN_STYLE = Automatic;
				DEVELOPMENT_TEAM = 48DVB7QH33;
				INFOPLIST_FILE = TheThemeAppTests/Info.plist;
				LD_RUNPATH_SEARCH_PATHS = (
					"$(inherited)",
					"@executable_path/Frameworks",
					"@loader_path/Frameworks",
				);
				PRODUCT_BUNDLE_IDENTIFIER = com.TheTheme.Tests;
				PRODUCT_NAME = "$(TARGET_NAME)";
				SWIFT_VERSION = 5.0;
				TARGETED_DEVICE_FAMILY = "1,2";
				TEST_HOST = "$(BUILT_PRODUCTS_DIR)/TheThemeApp.app/TheThemeApp";
			};
			name = Debug;
		};
		AF5313E3222A712D00EFA7F2 /* Release */ = {
			isa = XCBuildConfiguration;
			buildSettings = {
				ALWAYS_EMBED_SWIFT_STANDARD_LIBRARIES = YES;
				BUNDLE_LOADER = "$(TEST_HOST)";
				CODE_SIGN_STYLE = Automatic;
				DEVELOPMENT_TEAM = 48DVB7QH33;
				INFOPLIST_FILE = TheThemeAppTests/Info.plist;
				LD_RUNPATH_SEARCH_PATHS = (
					"$(inherited)",
					"@executable_path/Frameworks",
					"@loader_path/Frameworks",
				);
				PRODUCT_BUNDLE_IDENTIFIER = com.TheTheme.Tests;
				PRODUCT_NAME = "$(TARGET_NAME)";
				SWIFT_VERSION = 5.0;
				TARGETED_DEVICE_FAMILY = "1,2";
				TEST_HOST = "$(BUILT_PRODUCTS_DIR)/TheThemeApp.app/TheThemeApp";
			};
			name = Release;
		};
		AF5313E5222A712D00EFA7F2 /* Debug */ = {
			isa = XCBuildConfiguration;
			buildSettings = {
				ALWAYS_EMBED_SWIFT_STANDARD_LIBRARIES = YES;
				CODE_SIGN_STYLE = Automatic;
				DEVELOPMENT_TEAM = 48DVB7QH33;
				INFOPLIST_FILE = TheThemeAppUITests/Info.plist;
				LD_RUNPATH_SEARCH_PATHS = (
					"$(inherited)",
					"@executable_path/Frameworks",
					"@loader_path/Frameworks",
				);
				PRODUCT_BUNDLE_IDENTIFIER = com.TheTheme.UITests;
				PRODUCT_NAME = "$(TARGET_NAME)";
				SWIFT_VERSION = 5.0;
				TARGETED_DEVICE_FAMILY = "1,2";
				TEST_TARGET_NAME = TheThemeApp;
			};
			name = Debug;
		};
		AF5313E6222A712D00EFA7F2 /* Release */ = {
			isa = XCBuildConfiguration;
			buildSettings = {
				ALWAYS_EMBED_SWIFT_STANDARD_LIBRARIES = YES;
				CODE_SIGN_STYLE = Automatic;
				DEVELOPMENT_TEAM = 48DVB7QH33;
				INFOPLIST_FILE = TheThemeAppUITests/Info.plist;
				LD_RUNPATH_SEARCH_PATHS = (
					"$(inherited)",
					"@executable_path/Frameworks",
					"@loader_path/Frameworks",
				);
				PRODUCT_BUNDLE_IDENTIFIER = com.TheTheme.UITests;
				PRODUCT_NAME = "$(TARGET_NAME)";
				SWIFT_VERSION = 5.0;
				TARGETED_DEVICE_FAMILY = "1,2";
				TEST_TARGET_NAME = TheThemeApp;
			};
			name = Release;
		};
/* End XCBuildConfiguration section */

/* Begin XCConfigurationList section */
		AF5313B1222A712D00EFA7F2 /* Build configuration list for PBXProject "TheThemeApp" */ = {
			isa = XCConfigurationList;
			buildConfigurations = (
				AF5313DC222A712D00EFA7F2 /* Debug */,
				AF5313DD222A712D00EFA7F2 /* Release */,
			);
			defaultConfigurationIsVisible = 0;
			defaultConfigurationName = Release;
		};
		AF5313DE222A712D00EFA7F2 /* Build configuration list for PBXNativeTarget "TheThemeApp" */ = {
			isa = XCConfigurationList;
			buildConfigurations = (
				AF5313DF222A712D00EFA7F2 /* Debug */,
				AF5313E0222A712D00EFA7F2 /* Release */,
			);
			defaultConfigurationIsVisible = 0;
			defaultConfigurationName = Release;
		};
		AF5313E1222A712D00EFA7F2 /* Build configuration list for PBXNativeTarget "TheThemeAppTests" */ = {
			isa = XCConfigurationList;
			buildConfigurations = (
				AF5313E2222A712D00EFA7F2 /* Debug */,
				AF5313E3222A712D00EFA7F2 /* Release */,
			);
			defaultConfigurationIsVisible = 0;
			defaultConfigurationName = Release;
		};
		AF5313E4222A712D00EFA7F2 /* Build configuration list for PBXNativeTarget "TheThemeAppUITests" */ = {
			isa = XCConfigurationList;
			buildConfigurations = (
				AF5313E5222A712D00EFA7F2 /* Debug */,
				AF5313E6222A712D00EFA7F2 /* Release */,
			);
			defaultConfigurationIsVisible = 0;
			defaultConfigurationName = Release;
		};
/* End XCConfigurationList section */
	};
	rootObject = AF5313AE222A712D00EFA7F2 /* Project object */;
}
